
Microsoft Visual Studio Solution File, Format Version 12.00
# Visual Studio Version 17
VisualStudioVersion = 17.7.34202.233
MinimumVisualStudioVersion = 10.0.40219.1
Project("{FAE04EC0-301F-11D3-BF4B-00C04F79EFBC}") = "EjerciciosASP_Unidad7", "EjerciciosASP_Unidad7\EjerciciosASP_Unidad7.csproj", "{1C787B17-53BD-4698-AE58-193683410AB7}"
EndProject
Global
	GlobalSection(SolutionConfigurationPlatforms) = preSolution
		Debug|Any CPU = Debug|Any CPU
		Release|Any CPU = Release|Any CPU
	EndGlobalSection
	GlobalSection(ProjectConfigurationPlatforms) = postSolution
		{1C787B17-53BD-4698-AE58-193683410AB7}.Debug|Any CPU.ActiveCfg = Debug|Any CPU
		{1C787B17-53BD-4698-AE58-193683410AB7}.Debug|Any CPU.Build.0 = Debug|Any CPU
		{1C787B17-53BD-4698-AE58-193683410AB7}.Release|Any CPU.ActiveCfg = Release|Any CPU
		{1C787B17-53BD-4698-AE58-193683410AB7}.Release|Any CPU.Build.0 = Release|Any CPU
	EndGlobalSection
	GlobalSection(SolutionProperties) = preSolution
		HideSolutionNode = FALSE
	EndGlobalSection
	GlobalSection(ExtensibilityGlobals) = postSolution
		SolutionGuid = {7707F788-6A36-447E-A5AC-0E5275C067C8}
	EndGlobalSection
EndGlobal
